<?xml version="1.0" encoding="utf-8"?>
<Project ToolsVersion="4.0" xmlns="http://schemas.microsoft.com/developer/msbuild/2003">
  <ItemGroup>
    <Filter Include="Utils">
      <UniqueIdentifier>{5ec2e505-15f2-4d64-8064-da9ea04f6a95}</UniqueIdentifier>
    </Filter>
    <Filter Include="Camera">
      <UniqueIdentifier>{29b054f1-ee59-4246-beda-6a459e2288e8}</UniqueIdentifier>
    </Filter>
    <Filter Include="Input">
      <UniqueIdentifier>{dca60e80-4bb0-4e58-8a5f-22a18c7cbe4f}</UniqueIdentifier>
    </Filter>
    <Filter Include="Render">
      <UniqueIdentifier>{eef2a37d-07e5-4f82-8dbf-59f6c433bd69}</UniqueIdentifier>
    </Filter>
    <Filter Include="Core">
      <UniqueIdentifier>{d10ac562-cf41-4f41-8c6f-e01e132fc6df}</UniqueIdentifier>
    </Filter>
    <Filter Include="Shaders">
      <UniqueIdentifier>{4e281735-fa96-4959-b0b6-300e86330f7e}</UniqueIdentifier>
    </Filter>
    <Filter Include="Drawables">
      <UniqueIdentifier>{e8495a3e-5d48-46fe-87ad-56e58a58405e}</UniqueIdentifier>
    </Filter>
    <Filter Include="Utils\Imgui">
      <UniqueIdentifier>{579c60a1-fa79-4b22-b36d-25a16cbcfe3d}</UniqueIdentifier>
    </Filter>
    <Filter Include="Camera\CameraTypes">
      <UniqueIdentifier>{ff4e3c36-008c-497e-9e9a-1cfb68ed37a6}</UniqueIdentifier>
    </Filter>
    <Filter Include="Utils\Imgui\RepClasses">
      <UniqueIdentifier>{a9272efd-b50c-4b9e-a218-d6d199f340de}</UniqueIdentifier>
    </Filter>
    <Filter Include="Utils\Picker">
      <UniqueIdentifier>{69a17abe-ba61-48bc-bcf2-fb8aa9b81cfe}</UniqueIdentifier>
    </Filter>
    <Filter Include="Collision">
      <UniqueIdentifier>{89213410-5480-438e-bac3-65df3dff4af2}</UniqueIdentifier>
    </Filter>
    <Filter Include="Entity">
      <UniqueIdentifier>{af4fc46e-01c5-4b15-8752-9f3c00f3baf4}</UniqueIdentifier>
    </Filter>
    <Filter Include="GameManager">
      <UniqueIdentifier>{e5f47e46-bae2-4c33-8d62-d7d2cf1e9e05}</UniqueIdentifier>
    </Filter>
  </ItemGroup>
  <ItemGroup>
    <ClCompile Include="Engine\Engine.cpp" />
    <ClCompile Include="Engine\Input\InputManager.cpp">
      <Filter>Input</Filter>
    </ClCompile>
    <ClCompile Include="Engine\Render\Renderer.cpp">
      <Filter>Render</Filter>
    </ClCompile>
    <ClCompile Include="Engine\Core\Config.cpp">
      <Filter>Core</Filter>
    </ClCompile>
    <ClCompile Include="Engine\Drawables\Drawable3DBase.cpp">
      <Filter>Drawables</Filter>
    </ClCompile>
    <ClCompile Include="Engine\Drawables\DrawableManager.cpp">
      <Filter>Drawables</Filter>
    </ClCompile>
    <ClCompile Include="Engine\Shaders\ShaderBase.cpp">
      <Filter>Shaders</Filter>
    </ClCompile>
    <ClCompile Include="Engine\Input\KeyboardEvent.cpp">
      <Filter>Input</Filter>
    </ClCompile>
    <ClCompile Include="Engine\Input\MouseEvent.cpp">
      <Filter>Input</Filter>
    </ClCompile>
    <ClCompile Include="Engine\Entity\Entity.cpp">
      <Filter>Entity</Filter>
    </ClCompile>
    <ClCompile Include="Engine\Camera\CameraManager.cpp">
      <Filter>Camera</Filter>
    </ClCompile>
    <ClCompile Include="Engine\Camera\CameraTypes\BaseCamera.cpp">
      <Filter>Camera\CameraTypes</Filter>
    </ClCompile>
    <ClCompile Include="Engine\Camera\CameraTypes\PerspectiveCamera.cpp">
      <Filter>Camera\CameraTypes</Filter>
    </ClCompile>
    <ClCompile Include="Utils\Imgui\ImguiManager.cpp">
      <Filter>Utils\Imgui</Filter>
    </ClCompile>
    <ClCompile Include="Utils\Imgui\imgui.cpp">
      <Filter>Utils\Imgui\RepClasses</Filter>
    </ClCompile>
    <ClCompile Include="Utils\Imgui\imgui_draw.cpp">
      <Filter>Utils\Imgui\RepClasses</Filter>
    </ClCompile>
    <ClCompile Include="Utils\Imgui\imgui_impl_dx9.cpp">
      <Filter>Utils\Imgui\RepClasses</Filter>
    </ClCompile>
    <ClCompile Include="Utils\Imgui\imgui_impl_dx10.cpp">
      <Filter>Utils\Imgui\RepClasses</Filter>
    </ClCompile>
    <ClCompile Include="Utils\Imgui\imgui_impl_dx11.cpp">
      <Filter>Utils\Imgui\RepClasses</Filter>
    </ClCompile>
    <ClCompile Include="Utils\Imgui\imgui_impl_dx12.cpp">
      <Filter>Utils\Imgui\RepClasses</Filter>
    </ClCompile>
    <ClCompile Include="Utils\Imgui\imgui_impl_win32.cpp">
      <Filter>Utils\Imgui\RepClasses</Filter>
    </ClCompile>
    <ClCompile Include="Utils\Imgui\imgui_widgets.cpp">
      <Filter>Utils\Imgui\RepClasses</Filter>
    </ClCompile>
    <ClCompile Include="Utils\Picker\Picker.cpp">
      <Filter>Utils\Picker</Filter>
    </ClCompile>
    <ClCompile Include="Engine\Collision\CollisionHelpers.cpp">
      <Filter>Collision</Filter>
    </ClCompile>
    <ClCompile Include="Engine\GameManager.cpp">
      <Filter>GameManager</Filter>
    </ClCompile>
    <ClCompile Include="Engine\Core\Window.cpp">
      <Filter>Core</Filter>
    </ClCompile>
    <ClCompile Include="Engine\Core\Timer.cpp">
      <Filter>Core</Filter>
    </ClCompile>
    <ClCompile Include="Engine\Camera\CameraTypes\TopDownCamera.cpp">
      <Filter>Camera\CameraTypes</Filter>
    </ClCompile>
  </ItemGroup>
  <ItemGroup>
    <ClInclude Include="Engine\Engine.h" />
    <ClInclude Include="Utils\ClassMacros.h">
      <Filter>Utils</Filter>
    </ClInclude>
    <ClInclude Include="Utils\Singleton.h">
      <Filter>Utils</Filter>
    </ClInclude>
    <ClInclude Include="Utils\DebugMacros.h">
      <Filter>Utils</Filter>
    </ClInclude>
    <ClInclude Include="Engine\Input\InputManager.h">
      <Filter>Input</Filter>
    </ClInclude>
    <ClInclude Include="Engine\Render\Renderer.h">
      <Filter>Render</Filter>
    </ClInclude>
    <ClInclude Include="Engine\Core\Config.h">
      <Filter>Core</Filter>
    </ClInclude>
    <ClInclude Include="Engine\Drawables\Drawable3DBase.h">
      <Filter>Drawables</Filter>
    </ClInclude>
    <ClInclude Include="Engine\Drawables\DrawableManager.h">
      <Filter>Drawables</Filter>
    </ClInclude>
    <ClInclude Include="Engine\Shaders\ShaderBase.h">
      <Filter>Shaders</Filter>
    </ClInclude>
    <ClInclude Include="Engine\Core\Event.h">
      <Filter>Core</Filter>
    </ClInclude>
    <ClInclude Include="Engine\Input\KeyboardEvent.h">
      <Filter>Input</Filter>
    </ClInclude>
    <ClInclude Include="Engine\Input\MouseEvent.h">
      <Filter>Input</Filter>
    </ClInclude>
    <ClInclude Include="Engine\Entity\Entity.h">
      <Filter>Entity</Filter>
    </ClInclude>
    <ClInclude Include="Engine\Camera\CameraManager.h">
      <Filter>Camera</Filter>
    </ClInclude>
    <ClInclude Include="Engine\Camera\CameraTypes\BaseCamera.h">
      <Filter>Camera\CameraTypes</Filter>
    </ClInclude>
    <ClInclude Include="Engine\Camera\CameraTypes\PerspectiveCamera.h">
      <Filter>Camera\CameraTypes</Filter>
    </ClInclude>
    <ClInclude Include="Utils\Imgui\ImguiManager.h">
      <Filter>Utils\Imgui</Filter>
    </ClInclude>
    <ClInclude Include="Utils\Imgui\imconfig.h">
      <Filter>Utils\Imgui\RepClasses</Filter>
    </ClInclude>
    <ClInclude Include="Utils\Imgui\imgui.h">
      <Filter>Utils\Imgui\RepClasses</Filter>
    </ClInclude>
    <ClInclude Include="Utils\Imgui\imgui_impl_dx9.h">
      <Filter>Utils\Imgui\RepClasses</Filter>
    </ClInclude>
    <ClInclude Include="Utils\Imgui\imgui_impl_dx10.h">
      <Filter>Utils\Imgui\RepClasses</Filter>
    </ClInclude>
    <ClInclude Include="Utils\Imgui\imgui_impl_dx11.h">
      <Filter>Utils\Imgui\RepClasses</Filter>
    </ClInclude>
    <ClInclude Include="Utils\Imgui\imgui_impl_dx12.h">
      <Filter>Utils\Imgui\RepClasses</Filter>
    </ClInclude>
    <ClInclude Include="Utils\Imgui\imgui_impl_win32.h">
      <Filter>Utils\Imgui\RepClasses</Filter>
    </ClInclude>
    <ClInclude Include="Utils\Imgui\imgui_internal.h">
      <Filter>Utils\Imgui\RepClasses</Filter>
    </ClInclude>
    <ClInclude Include="Utils\Imgui\imstb_rectpack.h">
      <Filter>Utils\Imgui\RepClasses</Filter>
    </ClInclude>
    <ClInclude Include="Utils\Imgui\imstb_textedit.h">
      <Filter>Utils\Imgui\RepClasses</Filter>
    </ClInclude>
    <ClInclude Include="Utils\Imgui\imstb_truetype.h">
      <Filter>Utils\Imgui\RepClasses</Filter>
    </ClInclude>
    <ClInclude Include="Utils\Picker\Picker.h">
      <Filter>Utils\Picker</Filter>
    </ClInclude>
    <ClInclude Include="Utils\Picker\PickerEvent.h">
      <Filter>Utils\Picker</Filter>
    </ClInclude>
    <ClInclude Include="Engine\Collision\CollisionHelpers.h">
      <Filter>Collision</Filter>
    </ClInclude>
    <ClInclude Include="Engine\Core\SimpleMath.h">
      <Filter>Core</Filter>
    </ClInclude>
    <ClInclude Include="Engine\common_includes.h" />
    <ClInclude Include="Engine\GameManager.h">
      <Filter>GameManager</Filter>
    </ClInclude>
    <ClInclude Include="Engine\Core\Window.h">
      <Filter>Core</Filter>
    </ClInclude>
    <ClInclude Include="Engine\Core\Timer.h">
      <Filter>Core</Filter>
    </ClInclude>
    <ClInclude Include="Engine\Camera\CameraTypes\TopDownCamera.h">
      <Filter>Camera\CameraTypes</Filter>
    </ClInclude>
  </ItemGroup>
  <ItemGroup>
    <None Include="Engine\Core\SimpleMath.inl">
      <Filter>Core</Filter>
    </None>
  </ItemGroup>
</Project>